// !$*UTF8*$!
{
	archiveVersion = 1;
	classes = {
	};
	objectVersion = 50;
	objects = {

/* Begin PBXBuildFile section */
		0BE32B8F21AE34D000E8A99C /* AppDelegate.swift in Sources */ = {isa = PBXBuildFile; fileRef = 0BE32B8E21AE34D000E8A99C /* AppDelegate.swift */; };
		0BE32B9121AE34D000E8A99C /* ViewController.swift in Sources */ = {isa = PBXBuildFile; fileRef = 0BE32B9021AE34D000E8A99C /* ViewController.swift */; };
		0BE32B9421AE34D000E8A99C /* Main.storyboard in Resources */ = {isa = PBXBuildFile; fileRef = 0BE32B9221AE34D000E8A99C /* Main.storyboard */; };
		0BE32B9621AE34D300E8A99C /* Assets.xcassets in Resources */ = {isa = PBXBuildFile; fileRef = 0BE32B9521AE34D300E8A99C /* Assets.xcassets */; };
		0BE32B9921AE34D300E8A99C /* LaunchScreen.storyboard in Resources */ = {isa = PBXBuildFile; fileRef = 0BE32B9721AE34D300E8A99C /* LaunchScreen.storyboard */; };
		0BE32BA421AE34D300E8A99C /* OrgnoteTests.swift in Sources */ = {isa = PBXBuildFile; fileRef = 0BE32BA321AE34D300E8A99C /* OrgnoteTests.swift */; };
		0BE32BAF21AE34D300E8A99C /* OrgnoteUITests.swift in Sources */ = {isa = PBXBuildFile; fileRef = 0BE32BAE21AE34D300E8A99C /* OrgnoteUITests.swift */; };
		CF337D7C06627BBB3124D9C5 /* Pods_Orgnote_OrgnoteTests.framework in Frameworks */ = {isa = PBXBuildFile; fileRef = BA721ADB96729F67E043C72C /* Pods_Orgnote_OrgnoteTests.framework */; };
		DA78D3E321B0F65B00776E8A /* CreateItemViewController.swift in Sources */ = {isa = PBXBuildFile; fileRef = DA78D3E221B0F65B00776E8A /* CreateItemViewController.swift */; };
		DA78D3E521B0FA0B00776E8A /* Item.swift in Sources */ = {isa = PBXBuildFile; fileRef = DA78D3E421B0FA0B00776E8A /* Item.swift */; };
		DAB658C321B64EA200549E82 /* LocationViewCell.swift in Sources */ = {isa = PBXBuildFile; fileRef = DAB658C221B64EA200549E82 /* LocationViewCell.swift */; };
		DAB658C521B65EAE00549E82 /* LocationViewController.swift in Sources */ = {isa = PBXBuildFile; fileRef = DAB658C421B65EAE00549E82 /* LocationViewController.swift */; };
		DAB658C721B6663D00549E82 /* ItemByLocationViewController.swift in Sources */ = {isa = PBXBuildFile; fileRef = DAB658C621B6663D00549E82 /* ItemByLocationViewController.swift */; };
		DAB658C921B6665B00549E82 /* ItemCell.swift in Sources */ = {isa = PBXBuildFile; fileRef = DAB658C821B6665B00549E82 /* ItemCell.swift */; };
		F210C4BE1A248EE0F3ADAD65 /* Pods_Orgnote.framework in Frameworks */ = {isa = PBXBuildFile; fileRef = 574249ACA6360F8FAC4D3E39 /* Pods_Orgnote.framework */; };
/* End PBXBuildFile section */

/* Begin PBXContainerItemProxy section */
		0BE32BA021AE34D300E8A99C /* PBXContainerItemProxy */ = {
			isa = PBXContainerItemProxy;
			containerPortal = 0BE32B8321AE34D000E8A99C /* Project object */;
			proxyType = 1;
			remoteGlobalIDString = 0BE32B8A21AE34D000E8A99C;
			remoteInfo = Orgnote;
		};
		0BE32BAB21AE34D300E8A99C /* PBXContainerItemProxy */ = {
			isa = PBXContainerItemProxy;
			containerPortal = 0BE32B8321AE34D000E8A99C /* Project object */;
			proxyType = 1;
			remoteGlobalIDString = 0BE32B8A21AE34D000E8A99C;
			remoteInfo = Orgnote;
		};
/* End PBXContainerItemProxy section */

/* Begin PBXFileReference section */
		0BE32B8B21AE34D000E8A99C /* Orgnote.app */ = {isa = PBXFileReference; explicitFileType = wrapper.application; includeInIndex = 0; path = Orgnote.app; sourceTree = BUILT_PRODUCTS_DIR; };
		0BE32B8E21AE34D000E8A99C /* AppDelegate.swift */ = {isa = PBXFileReference; lastKnownFileType = sourcecode.swift; path = AppDelegate.swift; sourceTree = "<group>"; };
		0BE32B9021AE34D000E8A99C /* ViewController.swift */ = {isa = PBXFileReference; lastKnownFileType = sourcecode.swift; path = ViewController.swift; sourceTree = "<group>"; };
		0BE32B9321AE34D000E8A99C /* Base */ = {isa = PBXFileReference; lastKnownFileType = file.storyboard; name = Base; path = Base.lproj/Main.storyboard; sourceTree = "<group>"; };
		0BE32B9521AE34D300E8A99C /* Assets.xcassets */ = {isa = PBXFileReference; lastKnownFileType = folder.assetcatalog; path = Assets.xcassets; sourceTree = "<group>"; };
		0BE32B9821AE34D300E8A99C /* Base */ = {isa = PBXFileReference; lastKnownFileType = file.storyboard; name = Base; path = Base.lproj/LaunchScreen.storyboard; sourceTree = "<group>"; };
		0BE32B9A21AE34D300E8A99C /* Info.plist */ = {isa = PBXFileReference; lastKnownFileType = text.plist.xml; path = Info.plist; sourceTree = "<group>"; };
		0BE32B9F21AE34D300E8A99C /* OrgnoteTests.xctest */ = {isa = PBXFileReference; explicitFileType = wrapper.cfbundle; includeInIndex = 0; path = OrgnoteTests.xctest; sourceTree = BUILT_PRODUCTS_DIR; };
		0BE32BA321AE34D300E8A99C /* OrgnoteTests.swift */ = {isa = PBXFileReference; lastKnownFileType = sourcecode.swift; path = OrgnoteTests.swift; sourceTree = "<group>"; };
		0BE32BA521AE34D300E8A99C /* Info.plist */ = {isa = PBXFileReference; lastKnownFileType = text.plist.xml; path = Info.plist; sourceTree = "<group>"; };
		0BE32BAA21AE34D300E8A99C /* OrgnoteUITests.xctest */ = {isa = PBXFileReference; explicitFileType = wrapper.cfbundle; includeInIndex = 0; path = OrgnoteUITests.xctest; sourceTree = BUILT_PRODUCTS_DIR; };
		0BE32BAE21AE34D300E8A99C /* OrgnoteUITests.swift */ = {isa = PBXFileReference; lastKnownFileType = sourcecode.swift; path = OrgnoteUITests.swift; sourceTree = "<group>"; };
		0BE32BB021AE34D300E8A99C /* Info.plist */ = {isa = PBXFileReference; lastKnownFileType = text.plist.xml; path = Info.plist; sourceTree = "<group>"; };
		43A530B4E725D8331D768AF7 /* Pods-Orgnote-OrgnoteTests.debug.xcconfig */ = {isa = PBXFileReference; includeInIndex = 1; lastKnownFileType = text.xcconfig; name = "Pods-Orgnote-OrgnoteTests.debug.xcconfig"; path = "Pods/Target Support Files/Pods-Orgnote-OrgnoteTests/Pods-Orgnote-OrgnoteTests.debug.xcconfig"; sourceTree = "<group>"; };
		574249ACA6360F8FAC4D3E39 /* Pods_Orgnote.framework */ = {isa = PBXFileReference; explicitFileType = wrapper.framework; includeInIndex = 0; path = Pods_Orgnote.framework; sourceTree = BUILT_PRODUCTS_DIR; };
		6010535E74CC82A717898DD5 /* Pods-Orgnote-OrgnoteTests.release.xcconfig */ = {isa = PBXFileReference; includeInIndex = 1; lastKnownFileType = text.xcconfig; name = "Pods-Orgnote-OrgnoteTests.release.xcconfig"; path = "Pods/Target Support Files/Pods-Orgnote-OrgnoteTests/Pods-Orgnote-OrgnoteTests.release.xcconfig"; sourceTree = "<group>"; };
		90FAC5858EFB3FD85207A746 /* Pods-Orgnote.debug.xcconfig */ = {isa = PBXFileReference; includeInIndex = 1; lastKnownFileType = text.xcconfig; name = "Pods-Orgnote.debug.xcconfig"; path = "Pods/Target Support Files/Pods-Orgnote/Pods-Orgnote.debug.xcconfig"; sourceTree = "<group>"; };
		B771B990E1B7650DF9F824C5 /* Pods-Orgnote.release.xcconfig */ = {isa = PBXFileReference; includeInIndex = 1; lastKnownFileType = text.xcconfig; name = "Pods-Orgnote.release.xcconfig"; path = "Pods/Target Support Files/Pods-Orgnote/Pods-Orgnote.release.xcconfig"; sourceTree = "<group>"; };
		BA721ADB96729F67E043C72C /* Pods_Orgnote_OrgnoteTests.framework */ = {isa = PBXFileReference; explicitFileType = wrapper.framework; includeInIndex = 0; path = Pods_Orgnote_OrgnoteTests.framework; sourceTree = BUILT_PRODUCTS_DIR; };
		DA78D3E221B0F65B00776E8A /* CreateItemViewController.swift */ = {isa = PBXFileReference; lastKnownFileType = sourcecode.swift; path = CreateItemViewController.swift; sourceTree = "<group>"; };
		DA78D3E421B0FA0B00776E8A /* Item.swift */ = {isa = PBXFileReference; lastKnownFileType = sourcecode.swift; path = Item.swift; sourceTree = "<group>"; };
		DAB658C221B64EA200549E82 /* LocationViewCell.swift */ = {isa = PBXFileReference; lastKnownFileType = sourcecode.swift; path = LocationViewCell.swift; sourceTree = "<group>"; };
		DAB658C421B65EAE00549E82 /* LocationViewController.swift */ = {isa = PBXFileReference; lastKnownFileType = sourcecode.swift; path = LocationViewController.swift; sourceTree = "<group>"; };
		DAB658C621B6663D00549E82 /* ItemByLocationViewController.swift */ = {isa = PBXFileReference; lastKnownFileType = sourcecode.swift; path = ItemByLocationViewController.swift; sourceTree = "<group>"; };
		DAB658C821B6665B00549E82 /* ItemCell.swift */ = {isa = PBXFileReference; lastKnownFileType = sourcecode.swift; path = ItemCell.swift; sourceTree = "<group>"; };
/* End PBXFileReference section */

/* Begin PBXFrameworksBuildPhase section */
		0BE32B8821AE34D000E8A99C /* Frameworks */ = {
			isa = PBXFrameworksBuildPhase;
			buildActionMask = 2147483647;
			files = (
				F210C4BE1A248EE0F3ADAD65 /* Pods_Orgnote.framework in Frameworks */,
			);
			runOnlyForDeploymentPostprocessing = 0;
		};
		0BE32B9C21AE34D300E8A99C /* Frameworks */ = {
			isa = PBXFrameworksBuildPhase;
			buildActionMask = 2147483647;
			files = (
				CF337D7C06627BBB3124D9C5 /* Pods_Orgnote_OrgnoteTests.framework in Frameworks */,
			);
			runOnlyForDeploymentPostprocessing = 0;
		};
		0BE32BA721AE34D300E8A99C /* Frameworks */ = {
			isa = PBXFrameworksBuildPhase;
			buildActionMask = 2147483647;
			files = (
			);
			runOnlyForDeploymentPostprocessing = 0;
		};
/* End PBXFrameworksBuildPhase section */

/* Begin PBXGroup section */
		0BE32B8221AE34D000E8A99C = {
			isa = PBXGroup;
			children = (
				0BE32B8D21AE34D000E8A99C /* Orgnote */,
				0BE32BA221AE34D300E8A99C /* OrgnoteTests */,
				0BE32BAD21AE34D300E8A99C /* OrgnoteUITests */,
				0BE32B8C21AE34D000E8A99C /* Products */,
				3A173930A21A49DA76F5D774 /* Pods */,
				7893470044C604C82C39D7EF /* Frameworks */,
			);
			sourceTree = "<group>";
		};
		0BE32B8C21AE34D000E8A99C /* Products */ = {
			isa = PBXGroup;
			children = (
				0BE32B8B21AE34D000E8A99C /* Orgnote.app */,
				0BE32B9F21AE34D300E8A99C /* OrgnoteTests.xctest */,
				0BE32BAA21AE34D300E8A99C /* OrgnoteUITests.xctest */,
			);
			name = Products;
			sourceTree = "<group>";
		};
		0BE32B8D21AE34D000E8A99C /* Orgnote */ = {
			isa = PBXGroup;
			children = (
				DA78D3E121B0F10F00776E8A /* Controllers */,
				0BE32B8E21AE34D000E8A99C /* AppDelegate.swift */,
				0BE32B9021AE34D000E8A99C /* ViewController.swift */,
				0BE32B9221AE34D000E8A99C /* Main.storyboard */,
				0BE32B9521AE34D300E8A99C /* Assets.xcassets */,
				0BE32B9721AE34D300E8A99C /* LaunchScreen.storyboard */,
				0BE32B9A21AE34D300E8A99C /* Info.plist */,
				DA78D3E421B0FA0B00776E8A /* Item.swift */,
			);
			path = Orgnote;
			sourceTree = "<group>";
		};
		0BE32BA221AE34D300E8A99C /* OrgnoteTests */ = {
			isa = PBXGroup;
			children = (
				0BE32BA321AE34D300E8A99C /* OrgnoteTests.swift */,
				0BE32BA521AE34D300E8A99C /* Info.plist */,
			);
			path = OrgnoteTests;
			sourceTree = "<group>";
		};
		0BE32BAD21AE34D300E8A99C /* OrgnoteUITests */ = {
			isa = PBXGroup;
			children = (
				0BE32BAE21AE34D300E8A99C /* OrgnoteUITests.swift */,
				0BE32BB021AE34D300E8A99C /* Info.plist */,
			);
			path = OrgnoteUITests;
			sourceTree = "<group>";
		};
		3A173930A21A49DA76F5D774 /* Pods */ = {
			isa = PBXGroup;
			children = (
				90FAC5858EFB3FD85207A746 /* Pods-Orgnote.debug.xcconfig */,
				B771B990E1B7650DF9F824C5 /* Pods-Orgnote.release.xcconfig */,
				43A530B4E725D8331D768AF7 /* Pods-Orgnote-OrgnoteTests.debug.xcconfig */,
				6010535E74CC82A717898DD5 /* Pods-Orgnote-OrgnoteTests.release.xcconfig */,
			);
			name = Pods;
			sourceTree = "<group>";
		};
		7893470044C604C82C39D7EF /* Frameworks */ = {
			isa = PBXGroup;
			children = (
				574249ACA6360F8FAC4D3E39 /* Pods_Orgnote.framework */,
				BA721ADB96729F67E043C72C /* Pods_Orgnote_OrgnoteTests.framework */,
			);
			name = Frameworks;
			sourceTree = "<group>";
		};
		DA78D3E121B0F10F00776E8A /* Controllers */ = {
			isa = PBXGroup;
			children = (
				DA78D3E221B0F65B00776E8A /* CreateItemViewController.swift */,
				DAB658C221B64EA200549E82 /* LocationViewCell.swift */,
				DAB658C421B65EAE00549E82 /* LocationViewController.swift */,
				DAB658C621B6663D00549E82 /* ItemByLocationViewController.swift */,
				DAB658C821B6665B00549E82 /* ItemCell.swift */,
			);
			path = Controllers;
			sourceTree = "<group>";
		};
/* End PBXGroup section */

/* Begin PBXNativeTarget section */
		0BE32B8A21AE34D000E8A99C /* Orgnote */ = {
			isa = PBXNativeTarget;
			buildConfigurationList = 0BE32BB321AE34D300E8A99C /* Build configuration list for PBXNativeTarget "Orgnote" */;
			buildPhases = (
				5674A7F52FCCCAD866BB4F43 /* [CP] Check Pods Manifest.lock */,
				0BE32B8721AE34D000E8A99C /* Sources */,
				0BE32B8821AE34D000E8A99C /* Frameworks */,
				0BE32B8921AE34D000E8A99C /* Resources */,
			);
			buildRules = (
			);
			dependencies = (
			);
			name = Orgnote;
			productName = Orgnote;
			productReference = 0BE32B8B21AE34D000E8A99C /* Orgnote.app */;
			productType = "com.apple.product-type.application";
		};
		0BE32B9E21AE34D300E8A99C /* OrgnoteTests */ = {
			isa = PBXNativeTarget;
			buildConfigurationList = 0BE32BB621AE34D300E8A99C /* Build configuration list for PBXNativeTarget "OrgnoteTests" */;
			buildPhases = (
				0713AF281E7C1452B9FBB676 /* [CP] Check Pods Manifest.lock */,
				0BE32B9B21AE34D300E8A99C /* Sources */,
				0BE32B9C21AE34D300E8A99C /* Frameworks */,
				0BE32B9D21AE34D300E8A99C /* Resources */,
				53E672FD7BDF5EB7B9A39533 /* [CP] Embed Pods Frameworks */,
			);
			buildRules = (
			);
			dependencies = (
				0BE32BA121AE34D300E8A99C /* PBXTargetDependency */,
			);
			name = OrgnoteTests;
			productName = OrgnoteTests;
			productReference = 0BE32B9F21AE34D300E8A99C /* OrgnoteTests.xctest */;
			productType = "com.apple.product-type.bundle.unit-test";
		};
		0BE32BA921AE34D300E8A99C /* OrgnoteUITests */ = {
			isa = PBXNativeTarget;
			buildConfigurationList = 0BE32BB921AE34D300E8A99C /* Build configuration list for PBXNativeTarget "OrgnoteUITests" */;
			buildPhases = (
				0BE32BA621AE34D300E8A99C /* Sources */,
				0BE32BA721AE34D300E8A99C /* Frameworks */,
				0BE32BA821AE34D300E8A99C /* Resources */,
			);
			buildRules = (
			);
			dependencies = (
				0BE32BAC21AE34D300E8A99C /* PBXTargetDependency */,
			);
			name = OrgnoteUITests;
			productName = OrgnoteUITests;
			productReference = 0BE32BAA21AE34D300E8A99C /* OrgnoteUITests.xctest */;
			productType = "com.apple.product-type.bundle.ui-testing";
		};
/* End PBXNativeTarget section */

/* Begin PBXProject section */
		0BE32B8321AE34D000E8A99C /* Project object */ = {
			isa = PBXProject;
			attributes = {
				LastSwiftUpdateCheck = 1010;
				LastUpgradeCheck = 1010;
				ORGANIZATIONNAME = "XiaoQian Huang";
				TargetAttributes = {
					0BE32B8A21AE34D000E8A99C = {
						CreatedOnToolsVersion = 10.1;
					};
					0BE32B9E21AE34D300E8A99C = {
						CreatedOnToolsVersion = 10.1;
						TestTargetID = 0BE32B8A21AE34D000E8A99C;
					};
					0BE32BA921AE34D300E8A99C = {
						CreatedOnToolsVersion = 10.1;
						TestTargetID = 0BE32B8A21AE34D000E8A99C;
					};
				};
			};
			buildConfigurationList = 0BE32B8621AE34D000E8A99C /* Build configuration list for PBXProject "Orgnote" */;
			compatibilityVersion = "Xcode 9.3";
			developmentRegion = en;
			hasScannedForEncodings = 0;
			knownRegions = (
				en,
				Base,
			);
			mainGroup = 0BE32B8221AE34D000E8A99C;
			productRefGroup = 0BE32B8C21AE34D000E8A99C /* Products */;
			projectDirPath = "";
			projectRoot = "";
			targets = (
				0BE32B8A21AE34D000E8A99C /* Orgnote */,
				0BE32B9E21AE34D300E8A99C /* OrgnoteTests */,
				0BE32BA921AE34D300E8A99C /* OrgnoteUITests */,
			);
		};
/* End PBXProject section */

/* Begin PBXResourcesBuildPhase section */
		0BE32B8921AE34D000E8A99C /* Resources */ = {
			isa = PBXResourcesBuildPhase;
			buildActionMask = 2147483647;
			files = (
				0BE32B9921AE34D300E8A99C /* LaunchScreen.storyboard in Resources */,
				0BE32B9621AE34D300E8A99C /* Assets.xcassets in Resources */,
				0BE32B9421AE34D000E8A99C /* Main.storyboard in Resources */,
			);
			runOnlyForDeploymentPostprocessing = 0;
		};
		0BE32B9D21AE34D300E8A99C /* Resources */ = {
			isa = PBXResourcesBuildPhase;
			buildActionMask = 2147483647;
			files = (
			);
			runOnlyForDeploymentPostprocessing = 0;
		};
		0BE32BA821AE34D300E8A99C /* Resources */ = {
			isa = PBXResourcesBuildPhase;
			buildActionMask = 2147483647;
			files = (
			);
			runOnlyForDeploymentPostprocessing = 0;
		};
/* End PBXResourcesBuildPhase section */

/* Begin PBXShellScriptBuildPhase section */
		0713AF281E7C1452B9FBB676 /* [CP] Check Pods Manifest.lock */ = {
			isa = PBXShellScriptBuildPhase;
			buildActionMask = 2147483647;
			files = (
			);
			inputFileListPaths = (
			);
			inputPaths = (
				"${PODS_PODFILE_DIR_PATH}/Podfile.lock",
				"${PODS_ROOT}/Manifest.lock",
			);
			name = "[CP] Check Pods Manifest.lock";
			outputFileListPaths = (
			);
			outputPaths = (
				"$(DERIVED_FILE_DIR)/Pods-Orgnote-OrgnoteTests-checkManifestLockResult.txt",
			);
			runOnlyForDeploymentPostprocessing = 0;
			shellPath = /bin/sh;
			shellScript = "diff \"${PODS_PODFILE_DIR_PATH}/Podfile.lock\" \"${PODS_ROOT}/Manifest.lock\" > /dev/null\nif [ $? != 0 ] ; then\n    # print error to STDERR\n    echo \"error: The sandbox is not in sync with the Podfile.lock. Run 'pod install' or update your CocoaPods installation.\" >&2\n    exit 1\nfi\n# This output is used by Xcode 'outputs' to avoid re-running this script phase.\necho \"SUCCESS\" > \"${SCRIPT_OUTPUT_FILE_0}\"\n";
			showEnvVarsInLog = 0;
		};
		53E672FD7BDF5EB7B9A39533 /* [CP] Embed Pods Frameworks */ = {
			isa = PBXShellScriptBuildPhase;
			buildActionMask = 2147483647;
			files = (
			);
			inputFileListPaths = (
			);
			inputPaths = (
				"${SRCROOT}/Pods/Target Support Files/Pods-Orgnote-OrgnoteTests/Pods-Orgnote-OrgnoteTests-frameworks.sh",
				"${BUILT_PRODUCTS_DIR}/Alamofire/Alamofire.framework",
				"${BUILT_PRODUCTS_DIR}/AlamofireImage/AlamofireImage.framework",
			);
			name = "[CP] Embed Pods Frameworks";
			outputFileListPaths = (
			);
			outputPaths = (
				"${TARGET_BUILD_DIR}/${FRAMEWORKS_FOLDER_PATH}/Alamofire.framework",
				"${TARGET_BUILD_DIR}/${FRAMEWORKS_FOLDER_PATH}/AlamofireImage.framework",
			);
			runOnlyForDeploymentPostprocessing = 0;
			shellPath = /bin/sh;
			shellScript = "\"${SRCROOT}/Pods/Target Support Files/Pods-Orgnote-OrgnoteTests/Pods-Orgnote-OrgnoteTests-frameworks.sh\"\n";
			showEnvVarsInLog = 0;
		};
		5674A7F52FCCCAD866BB4F43 /* [CP] Check Pods Manifest.lock */ = {
			isa = PBXShellScriptBuildPhase;
			buildActionMask = 2147483647;
			files = (
			);
			inputFileListPaths = (
			);
			inputPaths = (
				"${PODS_PODFILE_DIR_PATH}/Podfile.lock",
				"${PODS_ROOT}/Manifest.lock",
			);
			name = "[CP] Check Pods Manifest.lock";
			outputFileListPaths = (
			);
			outputPaths = (
				"$(DERIVED_FILE_DIR)/Pods-Orgnote-checkManifestLockResult.txt",
			);
			runOnlyForDeploymentPostprocessing = 0;
			shellPath = /bin/sh;
			shellScript = "diff \"${PODS_PODFILE_DIR_PATH}/Podfile.lock\" \"${PODS_ROOT}/Manifest.lock\" > /dev/null\nif [ $? != 0 ] ; then\n    # print error to STDERR\n    echo \"error: The sandbox is not in sync with the Podfile.lock. Run 'pod install' or update your CocoaPods installation.\" >&2\n    exit 1\nfi\n# This output is used by Xcode 'outputs' to avoid re-running this script phase.\necho \"SUCCESS\" > \"${SCRIPT_OUTPUT_FILE_0}\"\n";
			showEnvVarsInLog = 0;
		};
/* End PBXShellScriptBuildPhase section */

/* Begin PBXSourcesBuildPhase section */
		0BE32B8721AE34D000E8A99C /* Sources */ = {
			isa = PBXSourcesBuildPhase;
			buildActionMask = 2147483647;
			files = (
				DAB658C921B6665B00549E82 /* ItemCell.swift in Sources */,
				DAB658C521B65EAE00549E82 /* LocationViewController.swift in Sources */,
				DAB658C321B64EA200549E82 /* LocationViewCell.swift in Sources */,
				DA78D3E521B0FA0B00776E8A /* Item.swift in Sources */,
				0BE32B9121AE34D000E8A99C /* ViewController.swift in Sources */,
				DAB658C721B6663D00549E82 /* ItemByLocationViewController.swift in Sources */,
				DA78D3E321B0F65B00776E8A /* CreateItemViewController.swift in Sources */,
				0BE32B8F21AE34D000E8A99C /* AppDelegate.swift in Sources */,
			);
			runOnlyForDeploymentPostprocessing = 0;
		};
		0BE32B9B21AE34D300E8A99C /* Sources */ = {
			isa = PBXSourcesBuildPhase;
			buildActionMask = 2147483647;
			files = (
				0BE32BA421AE34D300E8A99C /* OrgnoteTests.swift in Sources */,
			);
			runOnlyForDeploymentPostprocessing = 0;
		};
		0BE32BA621AE34D300E8A99C /* Sources */ = {
			isa = PBXSourcesBuildPhase;
			buildActionMask = 2147483647;
			files = (
				0BE32BAF21AE34D300E8A99C /* OrgnoteUITests.swift in Sources */,
			);
			runOnlyForDeploymentPostprocessing = 0;
		};
/* End PBXSourcesBuildPhase section */

/* Begin PBXTargetDependency section */
		0BE32BA121AE34D300E8A99C /* PBXTargetDependency */ = {
			isa = PBXTargetDependency;
			target = 0BE32B8A21AE34D000E8A99C /* Orgnote */;
			targetProxy = 0BE32BA021AE34D300E8A99C /* PBXContainerItemProxy */;
		};
		0BE32BAC21AE34D300E8A99C /* PBXTargetDependency */ = {
			isa = PBXTargetDependency;
			target = 0BE32B8A21AE34D000E8A99C /* Orgnote */;
			targetProxy = 0BE32BAB21AE34D300E8A99C /* PBXContainerItemProxy */;
		};
/* End PBXTargetDependency section */

/* Begin PBXVariantGroup section */
		0BE32B9221AE34D000E8A99C /* Main.storyboard */ = {
			isa = PBXVariantGroup;
			children = (
				0BE32B9321AE34D000E8A99C /* Base */,
			);
			name = Main.storyboard;
			sourceTree = "<group>";
		};
		0BE32B9721AE34D300E8A99C /* LaunchScreen.storyboard */ = {
			isa = PBXVariantGroup;
			children = (
				0BE32B9821AE34D300E8A99C /* Base */,
			);
			name = LaunchScreen.storyboard;
			sourceTree = "<group>";
		};
/* End PBXVariantGroup section */

/* Begin XCBuildConfiguration section */
		0BE32BB121AE34D300E8A99C /* Debug */ = {
			isa = XCBuildConfiguration;
			buildSettings = {
				ALWAYS_SEARCH_USER_PATHS = NO;
				CLANG_ANALYZER_NONNULL = YES;
				CLANG_ANALYZER_NUMBER_OBJECT_CONVERSION = YES_AGGRESSIVE;
				CLANG_CXX_LANGUAGE_STANDARD = "gnu++14";
				CLANG_CXX_LIBRARY = "libc++";
				CLANG_ENABLE_MODULES = YES;
				CLANG_ENABLE_OBJC_ARC = YES;
				CLANG_ENABLE_OBJC_WEAK = YES;
				CLANG_WARN_BLOCK_CAPTURE_AUTORELEASING = YES;
				CLANG_WARN_BOOL_CONVERSION = YES;
				CLANG_WARN_COMMA = YES;
				CLANG_WARN_CONSTANT_CONVERSION = YES;
				CLANG_WARN_DEPRECATED_OBJC_IMPLEMENTATIONS = YES;
				CLANG_WARN_DIRECT_OBJC_ISA_USAGE = YES_ERROR;
				CLANG_WARN_DOCUMENTATION_COMMENTS = YES;
				CLANG_WARN_EMPTY_BODY = YES;
				CLANG_WARN_ENUM_CONVERSION = YES;
				CLANG_WARN_INFINITE_RECURSION = YES;
				CLANG_WARN_INT_CONVERSION = YES;
				CLANG_WARN_NON_LITERAL_NULL_CONVERSION = YES;
				CLANG_WARN_OBJC_IMPLICIT_RETAIN_SELF = YES;
				CLANG_WARN_OBJC_LITERAL_CONVERSION = YES;
				CLANG_WARN_OBJC_ROOT_CLASS = YES_ERROR;
				CLANG_WARN_RANGE_LOOP_ANALYSIS = YES;
				CLANG_WARN_STRICT_PROTOTYPES = YES;
				CLANG_WARN_SUSPICIOUS_MOVE = YES;
				CLANG_WARN_UNGUARDED_AVAILABILITY = YES_AGGRESSIVE;
				CLANG_WARN_UNREACHABLE_CODE = YES;
				CLANG_WARN__DUPLICATE_METHOD_MATCH = YES;
				CODE_SIGN_IDENTITY = "iPhone Developer";
				COPY_PHASE_STRIP = NO;
				DEBUG_INFORMATION_FORMAT = dwarf;
				ENABLE_STRICT_OBJC_MSGSEND = YES;
				ENABLE_TESTABILITY = YES;
				GCC_C_LANGUAGE_STANDARD = gnu11;
				GCC_DYNAMIC_NO_PIC = NO;
				GCC_NO_COMMON_BLOCKS = YES;
				GCC_OPTIMIZATION_LEVEL = 0;
				GCC_PREPROCESSOR_DEFINITIONS = (
					"DEBUG=1",
					"$(inherited)",
				);
				GCC_WARN_64_TO_32_BIT_CONVERSION = YES;
				GCC_WARN_ABOUT_RETURN_TYPE = YES_ERROR;
				GCC_WARN_UNDECLARED_SELECTOR = YES;
				GCC_WARN_UNINITIALIZED_AUTOS = YES_AGGRESSIVE;
				GCC_WARN_UNUSED_FUNCTION = YES;
				GCC_WARN_UNUSED_VARIABLE = YES;
				IPHONEOS_DEPLOYMENT_TARGET = 12.1;
				MTL_ENABLE_DEBUG_INFO = INCLUDE_SOURCE;
				MTL_FAST_MATH = YES;
				ONLY_ACTIVE_ARCH = YES;
				SDKROOT = iphoneos;
				SWIFT_ACTIVE_COMPILATION_CONDITIONS = DEBUG;
				SWIFT_OPTIMIZATION_LEVEL = "-Onone";
			};
			name = Debug;
		};
		0BE32BB221AE34D300E8A99C /* Release */ = {
			isa = XCBuildConfiguration;
			buildSettings = {
				ALWAYS_SEARCH_USER_PATHS = NO;
				CLANG_ANALYZER_NONNULL = YES;
				CLANG_ANALYZER_NUMBER_OBJECT_CONVERSION = YES_AGGRESSIVE;
				CLANG_CXX_LANGUAGE_STANDARD = "gnu++14";
				CLANG_CXX_LIBRARY = "libc++";
				CLANG_ENABLE_MODULES = YES;
				CLANG_ENABLE_OBJC_ARC = YES;
				CLANG_ENABLE_OBJC_WEAK = YES;
				CLANG_WARN_BLOCK_CAPTURE_AUTORELEASING = YES;
				CLANG_WARN_BOOL_CONVERSION = YES;
				CLANG_WARN_COMMA = YES;
				CLANG_WARN_CONSTANT_CONVERSION = YES;
				CLANG_WARN_DEPRECATED_OBJC_IMPLEMENTATIONS = YES;
				CLANG_WARN_DIRECT_OBJC_ISA_USAGE = YES_ERROR;
				CLANG_WARN_DOCUMENTATION_COMMENTS = YES;
				CLANG_WARN_EMPTY_BODY = YES;
				CLANG_WARN_ENUM_CONVERSION = YES;
				CLANG_WARN_INFINITE_RECURSION = YES;
				CLANG_WARN_INT_CONVERSION = YES;
				CLANG_WARN_NON_LITERAL_NULL_CONVERSION = YES;
				CLANG_WARN_OBJC_IMPLICIT_RETAIN_SELF = YES;
				CLANG_WARN_OBJC_LITERAL_CONVERSION = YES;
				CLANG_WARN_OBJC_ROOT_CLASS = YES_ERROR;
				CLANG_WARN_RANGE_LOOP_ANALYSIS = YES;
				CLANG_WARN_STRICT_PROTOTYPES = YES;
				CLANG_WARN_SUSPICIOUS_MOVE = YES;
				CLANG_WARN_UNGUARDED_AVAILABILITY = YES_AGGRESSIVE;
				CLANG_WARN_UNREACHABLE_CODE = YES;
				CLANG_WARN__DUPLICATE_METHOD_MATCH = YES;
				CODE_SIGN_IDENTITY = "iPhone Developer";
				COPY_PHASE_STRIP = NO;
				DEBUG_INFORMATION_FORMAT = "dwarf-with-dsym";
				ENABLE_NS_ASSERTIONS = NO;
				ENABLE_STRICT_OBJC_MSGSEND = YES;
				GCC_C_LANGUAGE_STANDARD = gnu11;
				GCC_NO_COMMON_BLOCKS = YES;
				GCC_WARN_64_TO_32_BIT_CONVERSION = YES;
				GCC_WARN_ABOUT_RETURN_TYPE = YES_ERROR;
				GCC_WARN_UNDECLARED_SELECTOR = YES;
				GCC_WARN_UNINITIALIZED_AUTOS = YES_AGGRESSIVE;
				GCC_WARN_UNUSED_FUNCTION = YES;
				GCC_WARN_UNUSED_VARIABLE = YES;
				IPHONEOS_DEPLOYMENT_TARGET = 12.1;
				MTL_ENABLE_DEBUG_INFO = NO;
				MTL_FAST_MATH = YES;
				SDKROOT = iphoneos;
				SWIFT_COMPILATION_MODE = wholemodule;
				SWIFT_OPTIMIZATION_LEVEL = "-O";
				VALIDATE_PRODUCT = YES;
			};
			name = Release;
		};
		0BE32BB421AE34D300E8A99C /* Debug */ = {
			isa = XCBuildConfiguration;
			baseConfigurationReference = 90FAC5858EFB3FD85207A746 /* Pods-Orgnote.debug.xcconfig */;
			buildSettings = {
				ASSETCATALOG_COMPILER_APPICON_NAME = AppIcon;
				CODE_SIGN_STYLE = Automatic;
				DEVELOPMENT_TEAM = "";
				INFOPLIST_FILE = Orgnote/Info.plist;
				LD_RUNPATH_SEARCH_PATHS = (
					"$(inherited)",
					"@executable_path/Frameworks",
				);
				PRODUCT_BUNDLE_IDENTIFIER = "com.xiaoqian-Huang.Orgnote";
				PRODUCT_NAME = "$(TARGET_NAME)";
				SWIFT_VERSION = 4.2;
				TARGETED_DEVICE_FAMILY = "1,2";
			};
			name = Debug;
		};
		0BE32BB521AE34D300E8A99C /* Release */ = {
			isa = XCBuildConfiguration;
			baseConfigurationReference = B771B990E1B7650DF9F824C5 /* Pods-Orgnote.release.xcconfig */;
			buildSettings = {
				ASSETCATALOG_COMPILER_APPICON_NAME = AppIcon;
				CODE_SIGN_STYLE = Automatic;
				DEVELOPMENT_TEAM = "";
				INFOPLIST_FILE = Orgnote/Info.plist;
				LD_RUNPATH_SEARCH_PATHS = (
					"$(inherited)",
					"@executable_path/Frameworks",
				);
				PRODUCT_BUNDLE_IDENTIFIER = "com.xiaoqian-Huang.Orgnote";
				PRODUCT_NAME = "$(TARGET_NAME)";
				SWIFT_VERSION = 4.2;
				TARGETED_DEVICE_FAMILY = "1,2";
			};
			name = Release;
		};
		0BE32BB721AE34D300E8A99C /* Debug */ = {
			isa = XCBuildConfiguration;
			baseConfigurationReference = 43A530B4E725D8331D768AF7 /* Pods-Orgnote-OrgnoteTests.debug.xcconfig */;
			buildSettings = {
				ALWAYS_EMBED_SWIFT_STANDARD_LIBRARIES = YES;
				BUNDLE_LOADER = "$(TEST_HOST)";
				CODE_SIGN_STYLE = Automatic;
				DEVELOPMENT_TEAM = 47S482397A;
				INFOPLIST_FILE = OrgnoteTests/Info.plist;
				LD_RUNPATH_SEARCH_PATHS = (
					"$(inherited)",
					"@executable_path/Frameworks",
					"@loader_path/Frameworks",
				);
				PRODUCT_BUNDLE_IDENTIFIER = "com.xiaoqian-Huang.OrgnoteTests";
				PRODUCT_NAME = "$(TARGET_NAME)";
				SWIFT_VERSION = 4.2;
				TARGETED_DEVICE_FAMILY = "1,2";
				TEST_HOST = "$(BUILT_PRODUCTS_DIR)/Orgnote.app/Orgnote";
			};
			name = Debug;
		};
		0BE32BB821AE34D300E8A99C /* Release */ = {
			isa = XCBuildConfiguration;
			baseConfigurationReference = 6010535E74CC82A717898DD5 /* Pods-Orgnote-OrgnoteTests.release.xcconfig */;
			buildSettings = {
				ALWAYS_EMBED_SWIFT_STANDARD_LIBRARIES = YES;
				BUNDLE_LOADER = "$(TEST_HOST)";
				CODE_SIGN_STYLE = Automatic;
				DEVELOPMENT_TEAM = 47S482397A;
				INFOPLIST_FILE = OrgnoteTests/Info.plist;
				LD_RUNPATH_SEARCH_PATHS = (
					"$(inherited)",
					"@executable_path/Frameworks",
					"@loader_path/Frameworks",
				);
				PRODUCT_BUNDLE_IDENTIFIER = "com.xiaoqian-Huang.OrgnoteTests";
				PRODUCT_NAME = "$(TARGET_NAME)";
				SWIFT_VERSION = 4.2;
				TARGETED_DEVICE_FAMILY = "1,2";
				TEST_HOST = "$(BUILT_PRODUCTS_DIR)/Orgnote.app/Orgnote";
			};
			name = Release;
		};
		0BE32BBA21AE34D300E8A99C /* Debug */ = {
			isa = XCBuildConfiguration;
			buildSettings = {
				ALWAYS_EMBED_SWIFT_STANDARD_LIBRARIES = YES;
				CODE_SIGN_STYLE = Automatic;
				DEVELOPMENT_TEAM = 47S482397A;
				INFOPLIST_FILE = OrgnoteUITests/Info.plist;
				LD_RUNPATH_SEARCH_PATHS = (
					"$(inherited)",
					"@executable_path/Frameworks",
					"@loader_path/Frameworks",
				);
				PRODUCT_BUNDLE_IDENTIFIER = "com.xiaoqian-Huang.OrgnoteUITests";
				PRODUCT_NAME = "$(TARGET_NAME)";
				SWIFT_VERSION = 4.2;
				TARGETED_DEVICE_FAMILY = "1,2";
				TEST_TARGET_NAME = Orgnote;
			};
			name = Debug;
		};
		0BE32BBB21AE34D300E8A99C /* Release */ = {
			isa = XCBuildConfiguration;
			buildSettings = {
				ALWAYS_EMBED_SWIFT_STANDARD_LIBRARIES = YES;
				CODE_SIGN_STYLE = Automatic;
				DEVELOPMENT_TEAM = 47S482397A;
				INFOPLIST_FILE = OrgnoteUITests/Info.plist;
				LD_RUNPATH_SEARCH_PATHS = (
					"$(inherited)",
					"@executable_path/Frameworks",
					"@loader_path/Frameworks",
				);
				PRODUCT_BUNDLE_IDENTIFIER = "com.xiaoqian-Huang.OrgnoteUITests";
				PRODUCT_NAME = "$(TARGET_NAME)";
				SWIFT_VERSION = 4.2;
				TARGETED_DEVICE_FAMILY = "1,2";
				TEST_TARGET_NAME = Orgnote;
			};
			name = Release;
		};
/* End XCBuildConfiguration section */

/* Begin XCConfigurationList section */
		0BE32B8621AE34D000E8A99C /* Build configuration list for PBXProject "Orgnote" */ = {
			isa = XCConfigurationList;
			buildConfigurations = (
				0BE32BB121AE34D300E8A99C /* Debug */,
				0BE32BB221AE34D300E8A99C /* Release */,
			);
			defaultConfigurationIsVisible = 0;
			defaultConfigurationName = Release;
		};
		0BE32BB321AE34D300E8A99C /* Build configuration list for PBXNativeTarget "Orgnote" */ = {
			isa = XCConfigurationList;
			buildConfigurations = (
				0BE32BB421AE34D300E8A99C /* Debug */,
				0BE32BB521AE34D300E8A99C /* Release */,
			);
			defaultConfigurationIsVisible = 0;
			defaultConfigurationName = Release;
		};
		0BE32BB621AE34D300E8A99C /* Build configuration list for PBXNativeTarget "OrgnoteTests" */ = {
			isa = XCConfigurationList;
			buildConfigurations = (
				0BE32BB721AE34D300E8A99C /* Debug */,
				0BE32BB821AE34D300E8A99C /* Release */,
			);
			defaultConfigurationIsVisible = 0;
			defaultConfigurationName = Release;
		};
		0BE32BB921AE34D300E8A99C /* Build configuration list for PBXNativeTarget "OrgnoteUITests" */ = {
			isa = XCConfigurationList;
			buildConfigurations = (
				0BE32BBA21AE34D300E8A99C /* Debug */,
				0BE32BBB21AE34D300E8A99C /* Release */,
			);
			defaultConfigurationIsVisible = 0;
			defaultConfigurationName = Release;
		};
/* End XCConfigurationList section */
	};
	rootObject = 0BE32B8321AE34D000E8A99C /* Project object */;
}
